
Microsoft Visual Studio Solution File, Format Version 12.00
# Visual Studio Version 17
VisualStudioVersion = 17.13.35931.197 d17.13
MinimumVisualStudioVersion = 10.0.40219.1
Project("{FAE04EC0-301F-11D3-BF4B-00C04F79EFBC}") = "TestPractice3", "TestPractice3.csproj", "{B3D2B917-CBC7-45D4-B86B-614EABA59EF4}"
EndProject
Global
	GlobalSection(SolutionConfigurationPlatforms) = preSolution
		Debug|Any CPU = Debug|Any CPU
		Release|Any CPU = Release|Any CPU
	EndGlobalSection
	GlobalSection(ProjectConfigurationPlatforms) = postSolution
		{B3D2B917-CBC7-45D4-B86B-614EABA59EF4}.Debug|Any CPU.ActiveCfg = Debug|Any CPU
		{B3D2B917-CBC7-45D4-B86B-614EABA59EF4}.Debug|Any CPU.Build.0 = Debug|Any CPU
		{B3D2B917-CBC7-45D4-B86B-614EABA59EF4}.Release|Any CPU.ActiveCfg = Release|Any CPU
		{B3D2B917-CBC7-45D4-B86B-614EABA59EF4}.Release|Any CPU.Build.0 = Release|Any CPU
	EndGlobalSection
	GlobalSection(SolutionProperties) = preSolution
		HideSolutionNode = FALSE
	EndGlobalSection
	GlobalSection(ExtensibilityGlobals) = postSolution
		SolutionGuid = {BF0F5852-E0C8-422B-AB2C-CDD6DCD090F7}
	EndGlobalSection
EndGlobal
